{
    "_readme": [
        "This file locks the dependencies of your project to a known state",
        "Read more about it at https://getcomposer.org/doc/01-basic-usage.md#composer-lock-the-lock-file",
        "This file is @generated automatically"
    ],
    "hash": "a16c92a2d805cc48ca5805d5029c65e1",
    "packages": [
        {
            "name": "hoa/core",
            "version": "2.15.07.07",
            "source": {
                "type": "git",
                "url": "https://github.com/hoaproject/Core.git",
                "reference": "df1f75e6a98d52b879bf36bc1ea8744433458f09"
            },
            "dist": {
                "type": "zip",
                "url": "https://api.github.com/repos/hoaproject/Core/zipball/df1f75e6a98d52b879bf36bc1ea8744433458f09",
                "reference": "df1f75e6a98d52b879bf36bc1ea8744433458f09",
                "shasum": ""
            },
            "require": {
                "ext-spl": "*",
                "php": ">=5.4.0"
            },
            "require-dev": {
                "hoa/test": "~1.0"
            },
            "suggest": {
                "ext-mbstring": "ext/mbstring must be present (or a third implementation).",
                "hoa/console": "To use the `hoa` script.",
                "hoa/dispatcher": "To use the `hoa` script.",
                "hoa/router": "To use the `hoa` script."
            },
            "bin": [
                "Bin/hoa"
            ],
            "type": "library",
            "extra": {
                "branch-alias": {
                    "dev-master": "2.x-dev"
                }
            },
            "autoload": {
                "psr-4": {
                    "Hoa\\Core\\": "."
                },
                "files": [
                    "Core.php"
                ]
            },
            "notification-url": "https://packagist.org/downloads/",
            "license": [
                "BSD-3-Clause"
            ],
            "authors": [
                {
                    "name": "Ivan Enderlin",
                    "email": "ivan.enderlin@hoa-project.net"
                },
                {
                    "name": "Hoa community",
                    "homepage": "http://hoa-project.net/"
                }
            ],
            "description": "The Hoa\\Core library.",
            "homepage": "http://hoa-project.net/",
            "keywords": [
                "consistency",
                "core",
                "data",
                "event",
                "library",
                "listener",
                "parameter",
                "protocol"
            ],
            "time": "2015-07-07 13:18:26"
        },
        {
            "name": "hoa/database",
            "version": "0.15.05.29",
            "source": {
                "type": "git",
                "url": "https://github.com/hoaproject/Database.git",
                "reference": "0ec7df591bd0ccd991aea32a3917063412a829d9"
            },
            "dist": {
                "type": "zip",
                "url": "https://api.github.com/repos/hoaproject/Database/zipball/0ec7df591bd0ccd991aea32a3917063412a829d9",
                "reference": "0ec7df591bd0ccd991aea32a3917063412a829d9",
                "shasum": ""
            },
            "require": {
                "ext-pdo": "*",
                "hoa/core": "~2.0"
            },
            "require-dev": {
                "hoa/test": "~1.0"
            },
            "type": "library",
            "extra": {
                "branch-alias": {
                    "dev-master": "0.x-dev"
                }
            },
            "autoload": {
                "psr-4": {
                    "Hoa\\Database\\": "."
                }
            },
            "notification-url": "https://packagist.org/downloads/",
            "license": [
                "BSD-3-Clause"
            ],
            "authors": [
                {
                    "name": "Ivan Enderlin",
                    "email": "ivan.enderlin@hoa-project.net"
                },
                {
                    "name": "Hoa community",
                    "homepage": "http://hoa-project.net/"
                }
            ],
            "description": "The Hoa\\Database library.",
            "homepage": "http://hoa-project.net/",
            "keywords": [
                "builder",
                "database",
                "dbal",
                "layer",
                "library",
                "pdo",
                "query"
            ],
            "time": "2015-05-29 13:47:42"
        },
        {
            "name": "hoa/dispatcher",
            "version": "0.15.05.29",
            "source": {
                "type": "git",
                "url": "https://github.com/hoaproject/Dispatcher.git",
                "reference": "bd81177ea5bf8f3814f4790b8def9b6714baa682"
            },
            "dist": {
                "type": "zip",
                "url": "https://api.github.com/repos/hoaproject/Dispatcher/zipball/bd81177ea5bf8f3814f4790b8def9b6714baa682",
                "reference": "bd81177ea5bf8f3814f4790b8def9b6714baa682",
                "shasum": ""
            },
            "require": {
                "hoa/core": "~2.0"
            },
            "require-dev": {
                "hoa/router": "~2.0",
                "hoa/test": "~1.0",
                "hoa/view": "~2.0"
            },
            "suggest": {
                "hoa/router": "Provide routers.",
                "hoa/view": "Provide view interface."
            },
            "type": "library",
            "extra": {
                "branch-alias": {
                    "dev-master": "0.x-dev"
                }
            },
            "autoload": {
                "psr-4": {
                    "Hoa\\Dispatcher\\": "."
                }
            },
            "notification-url": "https://packagist.org/downloads/",
            "license": [
                "BSD-3-Clause"
            ],
            "authors": [
                {
                    "name": "Ivan Enderlin",
                    "email": "ivan.enderlin@hoa-project.net"
                },
                {
                    "name": "Hoa community",
                    "homepage": "http://hoa-project.net/"
                }
            ],
            "description": "The Hoa\\Dispatcher library.",
            "homepage": "http://hoa-project.net/",
            "keywords": [
                "dispatcher",
                "kit",
                "library"
            ],
            "time": "2015-05-29 13:48:38"
        },
        {
            "name": "hoa/router",
            "version": "2.15.05.29",
            "source": {
                "type": "git",
                "url": "https://github.com/hoaproject/Router.git",
                "reference": "f56bee7c912344650fce56995b4bdee3ffd7e621"
            },
            "dist": {
                "type": "zip",
                "url": "https://api.github.com/repos/hoaproject/Router/zipball/f56bee7c912344650fce56995b4bdee3ffd7e621",
                "reference": "f56bee7c912344650fce56995b4bdee3ffd7e621",
                "shasum": ""
            },
            "require": {
                "hoa/core": "~2.0"
            },
            "type": "library",
            "extra": {
                "branch-alias": {
                    "dev-master": "2.x-dev"
                }
            },
            "autoload": {
                "psr-4": {
                    "Hoa\\Router\\": "."
                }
            },
            "notification-url": "https://packagist.org/downloads/",
            "license": [
                "BSD-3-Clause"
            ],
            "authors": [
                {
                    "name": "Ivan Enderlin",
                    "email": "ivan.enderlin@hoa-project.net"
                },
                {
                    "name": "Hoa community",
                    "homepage": "http://hoa-project.net/"
                }
            ],
            "description": "The Hoa\\Router library.",
            "homepage": "http://hoa-project.net/",
            "keywords": [
                "cli",
                "http",
                "library",
                "router"
            ],
            "time": "2015-05-29 14:07:55"
        },
        {
            "name": "hoa/view",
            "version": "2.15.05.29",
            "source": {
                "type": "git",
                "url": "https://github.com/hoaproject/View.git",
                "reference": "9ea727edce913fe1770b8f9d3b444a4e59f6d5c3"
            },
            "dist": {
                "type": "zip",
                "url": "https://api.github.com/repos/hoaproject/View/zipball/9ea727edce913fe1770b8f9d3b444a4e59f6d5c3",
                "reference": "9ea727edce913fe1770b8f9d3b444a4e59f6d5c3",
                "shasum": ""
            },
            "require": {
                "hoa/core": "~2.0"
            },
            "require-dev": {
                "hoa/test": "~1.0"
            },
            "suggest": {
                "hoa/router": "Provide routers.",
                "hoa/stream": "Provide stream interfaces."
            },
            "type": "library",
            "extra": {
                "branch-alias": {
                    "dev-master": "2.x-dev"
                }
            },
            "autoload": {
                "psr-4": {
                    "Hoa\\View\\": "."
                }
            },
            "notification-url": "https://packagist.org/downloads/",
            "license": [
                "BSD-3-Clause"
            ],
            "authors": [
                {
                    "name": "Ivan Enderlin",
                    "email": "ivan.enderlin@hoa-project.net"
                },
                {
                    "name": "Hoa community",
                    "homepage": "http://hoa-project.net/"
                }
            ],
            "description": "The Hoa\\View library.",
            "homepage": "http://hoa-project.net/",
            "keywords": [
                "library",
                "render",
                "view"
            ],
            "time": "2015-05-29 14:17:28"
        }
    ],
    "packages-dev": [],
    "aliases": [],
    "minimum-stability": "stable",
    "stability-flags": [],
    "prefer-stable": false,
    "prefer-lowest": false,
    "platform": [],
    "platform-dev": []
}
